
Microsoft Visual Studio Solution File, Format Version 12.00
Project("{2150E333-8FDC-42A3-9474-1A3956D46DE8}") = "src", "src", "{47970570-7A05-4627-8CBB-59EEACF218B7}"
EndProject
Project("{2150E333-8FDC-42A3-9474-1A3956D46DE8}") = "Core", "Core", "{A94627DA-32E5-411A-8E1E-0D62DAA4B448}"
EndProject
Project("{FAE04EC0-301F-11D3-BF4B-00C04F79EFBC}") = "Application", "src\Core\Application\Application.csproj", "{5C07C5A0-115F-441F-B6D2-514527DF1803}"
EndProject
Project("{FAE04EC0-301F-11D3-BF4B-00C04F79EFBC}") = "Domain", "src\Core\Domain\Domain.csproj", "{D7694E89-6C3D-4D5B-ACB9-1D396D0AF091}"
EndProject
Project("{2150E333-8FDC-42A3-9474-1A3956D46DE8}") = "Infrastructure", "Infrastructure", "{71EFED63-B541-4370-9435-01DB0E2678C3}"
EndProject
Project("{FAE04EC0-301F-11D3-BF4B-00C04F79EFBC}") = "Identity", "src\Infrastructure\Identity\Identity.csproj", "{00B3772A-535C-40B3-909D-45D316B520F2}"
EndProject
Project("{FAE04EC0-301F-11D3-BF4B-00C04F79EFBC}") = "Infrastructure", "src\Infrastructure\Infrastructure\Infrastructure.csproj", "{55E5CDA3-D4CD-4059-AC12-0D24708B71EA}"
EndProject
Project("{FAE04EC0-301F-11D3-BF4B-00C04F79EFBC}") = "Persistence", "src\Infrastructure\Persistence\Persistence.csproj", "{D1F237CF-7497-423B-8E9E-1B8BA8E35A62}"
EndProject
Global
	GlobalSection(SolutionConfigurationPlatforms) = preSolution
		Debug|Any CPU = Debug|Any CPU
		Release|Any CPU = Release|Any CPU
	EndGlobalSection
	GlobalSection(NestedProjects) = preSolution
		{A94627DA-32E5-411A-8E1E-0D62DAA4B448} = {47970570-7A05-4627-8CBB-59EEACF218B7}
		{5C07C5A0-115F-441F-B6D2-514527DF1803} = {A94627DA-32E5-411A-8E1E-0D62DAA4B448}
		{D7694E89-6C3D-4D5B-ACB9-1D396D0AF091} = {A94627DA-32E5-411A-8E1E-0D62DAA4B448}
		{71EFED63-B541-4370-9435-01DB0E2678C3} = {47970570-7A05-4627-8CBB-59EEACF218B7}
		{00B3772A-535C-40B3-909D-45D316B520F2} = {71EFED63-B541-4370-9435-01DB0E2678C3}
		{55E5CDA3-D4CD-4059-AC12-0D24708B71EA} = {71EFED63-B541-4370-9435-01DB0E2678C3}
		{D1F237CF-7497-423B-8E9E-1B8BA8E35A62} = {71EFED63-B541-4370-9435-01DB0E2678C3}
	EndGlobalSection
	GlobalSection(ProjectConfigurationPlatforms) = postSolution
		{5C07C5A0-115F-441F-B6D2-514527DF1803}.Debug|Any CPU.ActiveCfg = Debug|Any CPU
		{5C07C5A0-115F-441F-B6D2-514527DF1803}.Debug|Any CPU.Build.0 = Debug|Any CPU
		{5C07C5A0-115F-441F-B6D2-514527DF1803}.Release|Any CPU.ActiveCfg = Release|Any CPU
		{5C07C5A0-115F-441F-B6D2-514527DF1803}.Release|Any CPU.Build.0 = Release|Any CPU
		{D7694E89-6C3D-4D5B-ACB9-1D396D0AF091}.Debug|Any CPU.ActiveCfg = Debug|Any CPU
		{D7694E89-6C3D-4D5B-ACB9-1D396D0AF091}.Debug|Any CPU.Build.0 = Debug|Any CPU
		{D7694E89-6C3D-4D5B-ACB9-1D396D0AF091}.Release|Any CPU.ActiveCfg = Release|Any CPU
		{D7694E89-6C3D-4D5B-ACB9-1D396D0AF091}.Release|Any CPU.Build.0 = Release|Any CPU
		{00B3772A-535C-40B3-909D-45D316B520F2}.Debug|Any CPU.ActiveCfg = Debug|Any CPU
		{00B3772A-535C-40B3-909D-45D316B520F2}.Debug|Any CPU.Build.0 = Debug|Any CPU
		{00B3772A-535C-40B3-909D-45D316B520F2}.Release|Any CPU.ActiveCfg = Release|Any CPU
		{00B3772A-535C-40B3-909D-45D316B520F2}.Release|Any CPU.Build.0 = Release|Any CPU
		{55E5CDA3-D4CD-4059-AC12-0D24708B71EA}.Debug|Any CPU.ActiveCfg = Debug|Any CPU
		{55E5CDA3-D4CD-4059-AC12-0D24708B71EA}.Debug|Any CPU.Build.0 = Debug|Any CPU
		{55E5CDA3-D4CD-4059-AC12-0D24708B71EA}.Release|Any CPU.ActiveCfg = Release|Any CPU
		{55E5CDA3-D4CD-4059-AC12-0D24708B71EA}.Release|Any CPU.Build.0 = Release|Any CPU
		{D1F237CF-7497-423B-8E9E-1B8BA8E35A62}.Debug|Any CPU.ActiveCfg = Debug|Any CPU
		{D1F237CF-7497-423B-8E9E-1B8BA8E35A62}.Debug|Any CPU.Build.0 = Debug|Any CPU
		{D1F237CF-7497-423B-8E9E-1B8BA8E35A62}.Release|Any CPU.ActiveCfg = Release|Any CPU
		{D1F237CF-7497-423B-8E9E-1B8BA8E35A62}.Release|Any CPU.Build.0 = Release|Any CPU
	EndGlobalSection
EndGlobal
